PODS:
  - BjcaSignSDK (4.0.4):
    - YWXSignSDK (~> 4.0.4)
  - YWXSignSDK (4.0.4):
    - YWXSignSDK/Core (= 4.0.4)
  - YWXSignSDK/Core (4.0.4):
    - YWXSignSDK/YWXSignFoundation
  - YWXSignSDK/YWXSignFoundation (4.0.4)

DEPENDENCIES:
  - BjcaSignSDK (from `../`)

SPEC REPOS:
  https://github.com/CocoaPods/Specs.git:
    - YWXSignSDK

EXTERNAL SOURCES:
  BjcaSignSDK:
    :path: "../"

SPEC CHECKSUMS:
  BjcaSignSDK: 8f985abb2a3d4d97cb0c956e15710c8875098593
  YWXSignSDK: 970ac1271767557d4f0fc063b116f459f53b3843

PODFILE CHECKSUM: 6fff8a6f4c3cad020b3be94898fa75d84bb5b55d

COCOAPODS: 1.11.2
