PODS:
  - BjcaSignSDK (4.0.6):
    - YWXSignSDK (~> 4.0.6)
  - YWXSignSDK (4.0.6):
    - YWXSignSDK/Core (= 4.0.6)
  - YWXSignSDK/Core (4.0.6):
    - YWXSignSDK/YWXSignFoundation
  - YWXSignSDK/YWXSignFoundation (4.0.6)

DEPENDENCIES:
  - BjcaSignSDK (from `../`)

SPEC REPOS:
  https://github.com/CocoaPods/Specs.git:
    - YWXSignSDK

EXTERNAL SOURCES:
  BjcaSignSDK:
    :path: "../"

SPEC CHECKSUMS:
  BjcaSignSDK: 2ca849d387af0b64aae23b9bc710594900af76c6
  YWXSignSDK: 60630ab7cc77235d2ca4d5dfe0ac391b3482ed39

PODFILE CHECKSUM: 6fff8a6f4c3cad020b3be94898fa75d84bb5b55d

COCOAPODS: 1.11.2
