PODS:
  - BjcaSignSDK (3.7.1):
    - YWXSignSDK/YWXBjcaSignSDK (~> 3.7.1)
  - YWXSignSDK/Core (3.7.1):
    - YWXSignSDK/YWXSignFoundation
  - YWXSignSDK/YWXBjcaSignSDK (3.7.1):
    - YWXSignSDK/Core
  - YWXSignSDK/YWXSignFoundation (3.7.1)

DEPENDENCIES:
  - BjcaSignSDK (from `../`)

SPEC REPOS:
  https://github.com/CocoaPods/Specs.git:
    - YWXSignSDK

EXTERNAL SOURCES:
  BjcaSignSDK:
    :path: "../"

SPEC CHECKSUMS:
  BjcaSignSDK: 9da0d7fe4f5646d20ac68e9f1e955a7b7ea04a93
  YWXSignSDK: a94e81ed8ffe775b9c2ffd34628e2e1754b7a478

PODFILE CHECKSUM: 6fff8a6f4c3cad020b3be94898fa75d84bb5b55d

COCOAPODS: 1.10.1
